// !$*UTF8*$!
{
	archiveVersion = 1;
	classes = {
	};
	objectVersion = 46;
	objects = {

/* Begin PBXBuildFile section */
		172D5C15199BDD60002788C7 /* BLCAwesomeFloatingToolbar.m in Sources */ = {isa = PBXBuildFile; fileRef = 172D5C14199BDD60002788C7 /* BLCAwesomeFloatingToolbar.m */; };
		17EEF00D199419F500852302 /* Foundation.framework in Frameworks */ = {isa = PBXBuildFile; fileRef = 17EEF00C199419F500852302 /* Foundation.framework */; };
		17EEF00F199419F500852302 /* CoreGraphics.framework in Frameworks */ = {isa = PBXBuildFile; fileRef = 17EEF00E199419F500852302 /* CoreGraphics.framework */; };
		17EEF011199419F500852302 /* UIKit.framework in Frameworks */ = {isa = PBXBuildFile; fileRef = 17EEF010199419F500852302 /* UIKit.framework */; };
		17EEF017199419F500852302 /* InfoPlist.strings in Resources */ = {isa = PBXBuildFile; fileRef = 17EEF015199419F500852302 /* InfoPlist.strings */; };
		17EEF019199419F500852302 /* main.m in Sources */ = {isa = PBXBuildFile; fileRef = 17EEF018199419F500852302 /* main.m */; };
		17EEF01D199419F600852302 /* BLCAppDelegate.m in Sources */ = {isa = PBXBuildFile; fileRef = 17EEF01C199419F500852302 /* BLCAppDelegate.m */; };
		17EEF01F199419F600852302 /* Images.xcassets in Resources */ = {isa = PBXBuildFile; fileRef = 17EEF01E199419F600852302 /* Images.xcassets */; };
		17EEF026199419F600852302 /* XCTest.framework in Frameworks */ = {isa = PBXBuildFile; fileRef = 17EEF025199419F600852302 /* XCTest.framework */; };
		17EEF027199419F600852302 /* Foundation.framework in Frameworks */ = {isa = PBXBuildFile; fileRef = 17EEF00C199419F500852302 /* Foundation.framework */; };
		17EEF028199419F600852302 /* UIKit.framework in Frameworks */ = {isa = PBXBuildFile; fileRef = 17EEF010199419F500852302 /* UIKit.framework */; };
		17EEF030199419F600852302 /* InfoPlist.strings in Resources */ = {isa = PBXBuildFile; fileRef = 17EEF02E199419F600852302 /* InfoPlist.strings */; };
		17EEF032199419F600852302 /* BlocBrowserTests.m in Sources */ = {isa = PBXBuildFile; fileRef = 17EEF031199419F600852302 /* BlocBrowserTests.m */; };
		17EEF03D19941A5300852302 /* BLCWebBrowserViewController.m in Sources */ = {isa = PBXBuildFile; fileRef = 17EEF03C19941A5300852302 /* BLCWebBrowserViewController.m */; };
/* End PBXBuildFile section */

/* Begin PBXContainerItemProxy section */
		17EEF029199419F600852302 /* PBXContainerItemProxy */ = {
			isa = PBXContainerItemProxy;
			containerPortal = 17EEF001199419F500852302 /* Project object */;
			proxyType = 1;
			remoteGlobalIDString = 17EEF008199419F500852302;
			remoteInfo = BlocBrowser;
		};
/* End PBXContainerItemProxy section */

/* Begin PBXFileReference section */
		172D5C13199BDD60002788C7 /* BLCAwesomeFloatingToolbar.h */ = {isa = PBXFileReference; fileEncoding = 4; lastKnownFileType = sourcecode.c.h; path = BLCAwesomeFloatingToolbar.h; sourceTree = "<group>"; };
		172D5C14199BDD60002788C7 /* BLCAwesomeFloatingToolbar.m */ = {isa = PBXFileReference; fileEncoding = 4; lastKnownFileType = sourcecode.c.objc; path = BLCAwesomeFloatingToolbar.m; sourceTree = "<group>"; };
		17EEF009199419F500852302 /* BlocBrowser.app */ = {isa = PBXFileReference; explicitFileType = wrapper.application; includeInIndex = 0; path = BlocBrowser.app; sourceTree = BUILT_PRODUCTS_DIR; };
		17EEF00C199419F500852302 /* Foundation.framework */ = {isa = PBXFileReference; lastKnownFileType = wrapper.framework; name = Foundation.framework; path = System/Library/Frameworks/Foundation.framework; sourceTree = SDKROOT; };
		17EEF00E199419F500852302 /* CoreGraphics.framework */ = {isa = PBXFileReference; lastKnownFileType = wrapper.framework; name = CoreGraphics.framework; path = System/Library/Frameworks/CoreGraphics.framework; sourceTree = SDKROOT; };
		17EEF010199419F500852302 /* UIKit.framework */ = {isa = PBXFileReference; lastKnownFileType = wrapper.framework; name = UIKit.framework; path = System/Library/Frameworks/UIKit.framework; sourceTree = SDKROOT; };
		17EEF014199419F500852302 /* BlocBrowser-Info.plist */ = {isa = PBXFileReference; lastKnownFileType = text.plist.xml; path = "BlocBrowser-Info.plist"; sourceTree = "<group>"; };
		17EEF016199419F500852302 /* en */ = {isa = PBXFileReference; lastKnownFileType = text.plist.strings; name = en; path = en.lproj/InfoPlist.strings; sourceTree = "<group>"; };
		17EEF018199419F500852302 /* main.m */ = {isa = PBXFileReference; lastKnownFileType = sourcecode.c.objc; path = main.m; sourceTree = "<group>"; };
		17EEF01A199419F500852302 /* BlocBrowser-Prefix.pch */ = {isa = PBXFileReference; lastKnownFileType = sourcecode.c.h; path = "BlocBrowser-Prefix.pch"; sourceTree = "<group>"; };
		17EEF01B199419F500852302 /* BLCAppDelegate.h */ = {isa = PBXFileReference; lastKnownFileType = sourcecode.c.h; path = BLCAppDelegate.h; sourceTree = "<group>"; };
		17EEF01C199419F500852302 /* BLCAppDelegate.m */ = {isa = PBXFileReference; lastKnownFileType = sourcecode.c.objc; path = BLCAppDelegate.m; sourceTree = "<group>"; };
		17EEF01E199419F600852302 /* Images.xcassets */ = {isa = PBXFileReference; lastKnownFileType = folder.assetcatalog; path = Images.xcassets; sourceTree = "<group>"; };
		17EEF024199419F600852302 /* BlocBrowserTests.xctest */ = {isa = PBXFileReference; explicitFileType = wrapper.cfbundle; includeInIndex = 0; path = BlocBrowserTests.xctest; sourceTree = BUILT_PRODUCTS_DIR; };
		17EEF025199419F600852302 /* XCTest.framework */ = {isa = PBXFileReference; lastKnownFileType = wrapper.framework; name = XCTest.framework; path = Library/Frameworks/XCTest.framework; sourceTree = DEVELOPER_DIR; };
		17EEF02D199419F600852302 /* BlocBrowserTests-Info.plist */ = {isa = PBXFileReference; lastKnownFileType = text.plist.xml; path = "BlocBrowserTests-Info.plist"; sourceTree = "<group>"; };
		17EEF02F199419F600852302 /* en */ = {isa = PBXFileReference; lastKnownFileType = text.plist.strings; name = en; path = en.lproj/InfoPlist.strings; sourceTree = "<group>"; };
		17EEF031199419F600852302 /* BlocBrowserTests.m */ = {isa = PBXFileReference; lastKnownFileType = sourcecode.c.objc; path = BlocBrowserTests.m; sourceTree = "<group>"; };
		17EEF03B19941A5300852302 /* BLCWebBrowserViewController.h */ = {isa = PBXFileReference; fileEncoding = 4; lastKnownFileType = sourcecode.c.h; path = BLCWebBrowserViewController.h; sourceTree = "<group>"; };
		17EEF03C19941A5300852302 /* BLCWebBrowserViewController.m */ = {isa = PBXFileReference; fileEncoding = 4; lastKnownFileType = sourcecode.c.objc; path = BLCWebBrowserViewController.m; sourceTree = "<group>"; };
/* End PBXFileReference section */

/* Begin PBXFrameworksBuildPhase section */
		17EEF006199419F500852302 /* Frameworks */ = {
			isa = PBXFrameworksBuildPhase;
			buildActionMask = 2147483647;
			files = (
				17EEF00F199419F500852302 /* CoreGraphics.framework in Frameworks */,
				17EEF011199419F500852302 /* UIKit.framework in Frameworks */,
				17EEF00D199419F500852302 /* Foundation.framework in Frameworks */,
			);
			runOnlyForDeploymentPostprocessing = 0;
		};
		17EEF021199419F600852302 /* Frameworks */ = {
			isa = PBXFrameworksBuildPhase;
			buildActionMask = 2147483647;
			files = (
				17EEF026199419F600852302 /* XCTest.framework in Frameworks */,
				17EEF028199419F600852302 /* UIKit.framework in Frameworks */,
				17EEF027199419F600852302 /* Foundation.framework in Frameworks */,
			);
			runOnlyForDeploymentPostprocessing = 0;
		};
/* End PBXFrameworksBuildPhase section */

/* Begin PBXGroup section */
		17EEF000199419F500852302 = {
			isa = PBXGroup;
			children = (
				17EEF012199419F500852302 /* BlocBrowser */,
				17EEF02B199419F600852302 /* BlocBrowserTests */,
				17EEF00B199419F500852302 /* Frameworks */,
				17EEF00A199419F500852302 /* Products */,
			);
			indentWidth = 2;
			sourceTree = "<group>";
			tabWidth = 2;
		};
		17EEF00A199419F500852302 /* Products */ = {
			isa = PBXGroup;
			children = (
				17EEF009199419F500852302 /* BlocBrowser.app */,
				17EEF024199419F600852302 /* BlocBrowserTests.xctest */,
			);
			name = Products;
			sourceTree = "<group>";
		};
		17EEF00B199419F500852302 /* Frameworks */ = {
			isa = PBXGroup;
			children = (
				17EEF00C199419F500852302 /* Foundation.framework */,
				17EEF00E199419F500852302 /* CoreGraphics.framework */,
				17EEF010199419F500852302 /* UIKit.framework */,
				17EEF025199419F600852302 /* XCTest.framework */,
			);
			name = Frameworks;
			sourceTree = "<group>";
		};
		17EEF012199419F500852302 /* BlocBrowser */ = {
			isa = PBXGroup;
			children = (
				17EEF03B19941A5300852302 /* BLCWebBrowserViewController.h */,
				17EEF03C19941A5300852302 /* BLCWebBrowserViewController.m */,
				172D5C13199BDD60002788C7 /* BLCAwesomeFloatingToolbar.h */,
				172D5C14199BDD60002788C7 /* BLCAwesomeFloatingToolbar.m */,
				17EEF01B199419F500852302 /* BLCAppDelegate.h */,
				17EEF01C199419F500852302 /* BLCAppDelegate.m */,
				17EEF01E199419F600852302 /* Images.xcassets */,
				17EEF013199419F500852302 /* Supporting Files */,
			);
			path = BlocBrowser;
			sourceTree = "<group>";
		};
		17EEF013199419F500852302 /* Supporting Files */ = {
			isa = PBXGroup;
			children = (
				17EEF014199419F500852302 /* BlocBrowser-Info.plist */,
				17EEF015199419F500852302 /* InfoPlist.strings */,
				17EEF018199419F500852302 /* main.m */,
				17EEF01A199419F500852302 /* BlocBrowser-Prefix.pch */,
			);
			name = "Supporting Files";
			sourceTree = "<group>";
		};
		17EEF02B199419F600852302 /* BlocBrowserTests */ = {
			isa = PBXGroup;
			children = (
				17EEF031199419F600852302 /* BlocBrowserTests.m */,
				17EEF02C199419F600852302 /* Supporting Files */,
			);
			path = BlocBrowserTests;
			sourceTree = "<group>";
		};
		17EEF02C199419F600852302 /* Supporting Files */ = {
			isa = PBXGroup;
			children = (
				17EEF02D199419F600852302 /* BlocBrowserTests-Info.plist */,
				17EEF02E199419F600852302 /* InfoPlist.strings */,
			);
			name = "Supporting Files";
			sourceTree = "<group>";
		};
/* End PBXGroup section */

/* Begin PBXNativeTarget section */
		17EEF008199419F500852302 /* BlocBrowser */ = {
			isa = PBXNativeTarget;
			buildConfigurationList = 17EEF035199419F600852302 /* Build configuration list for PBXNativeTarget "BlocBrowser" */;
			buildPhases = (
				17EEF005199419F500852302 /* Sources */,
				17EEF006199419F500852302 /* Frameworks */,
				17EEF007199419F500852302 /* Resources */,
			);
			buildRules = (
			);
			dependencies = (
			);
			name = BlocBrowser;
			productName = BlocBrowser;
			productReference = 17EEF009199419F500852302 /* BlocBrowser.app */;
			productType = "com.apple.product-type.application";
		};
		17EEF023199419F600852302 /* BlocBrowserTests */ = {
			isa = PBXNativeTarget;
			buildConfigurationList = 17EEF038199419F600852302 /* Build configuration list for PBXNativeTarget "BlocBrowserTests" */;
			buildPhases = (
				17EEF020199419F600852302 /* Sources */,
				17EEF021199419F600852302 /* Frameworks */,
				17EEF022199419F600852302 /* Resources */,
			);
			buildRules = (
			);
			dependencies = (
				17EEF02A199419F600852302 /* PBXTargetDependency */,
			);
			name = BlocBrowserTests;
			productName = BlocBrowserTests;
			productReference = 17EEF024199419F600852302 /* BlocBrowserTests.xctest */;
			productType = "com.apple.product-type.bundle.unit-test";
		};
/* End PBXNativeTarget section */

/* Begin PBXProject section */
		17EEF001199419F500852302 /* Project object */ = {
			isa = PBXProject;
			attributes = {
				CLASSPREFIX = BLC;
				LastUpgradeCheck = 0510;
				ORGANIZATIONNAME = "Trevor Ahlert";
				TargetAttributes = {
					17EEF023199419F600852302 = {
						TestTargetID = 17EEF008199419F500852302;
					};
				};
			};
			buildConfigurationList = 17EEF004199419F500852302 /* Build configuration list for PBXProject "BlocBrowser" */;
			compatibilityVersion = "Xcode 3.2";
			developmentRegion = English;
			hasScannedForEncodings = 0;
			knownRegions = (
				en,
			);
			mainGroup = 17EEF000199419F500852302;
			productRefGroup = 17EEF00A199419F500852302 /* Products */;
			projectDirPath = "";
			projectRoot = "";
			targets = (
				17EEF008199419F500852302 /* BlocBrowser */,
				17EEF023199419F600852302 /* BlocBrowserTests */,
			);
		};
/* End PBXProject section */

/* Begin PBXResourcesBuildPhase section */
		17EEF007199419F500852302 /* Resources */ = {
			isa = PBXResourcesBuildPhase;
			buildActionMask = 2147483647;
			files = (
				17EEF017199419F500852302 /* InfoPlist.strings in Resources */,
				17EEF01F199419F600852302 /* Images.xcassets in Resources */,
			);
			runOnlyForDeploymentPostprocessing = 0;
		};
		17EEF022199419F600852302 /* Resources */ = {
			isa = PBXResourcesBuildPhase;
			buildActionMask = 2147483647;
			files = (
				17EEF030199419F600852302 /* InfoPlist.strings in Resources */,
			);
			runOnlyForDeploymentPostprocessing = 0;
		};
/* End PBXResourcesBuildPhase section */

/* Begin PBXSourcesBuildPhase section */
		17EEF005199419F500852302 /* Sources */ = {
			isa = PBXSourcesBuildPhase;
			buildActionMask = 2147483647;
			files = (
				17EEF01D199419F600852302 /* BLCAppDelegate.m in Sources */,
				17EEF019199419F500852302 /* main.m in Sources */,
				17EEF03D19941A5300852302 /* BLCWebBrowserViewController.m in Sources */,
				172D5C15199BDD60002788C7 /* BLCAwesomeFloatingToolbar.m in Sources */,
			);
			runOnlyForDeploymentPostprocessing = 0;
		};
		17EEF020199419F600852302 /* Sources */ = {
			isa = PBXSourcesBuildPhase;
			buildActionMask = 2147483647;
			files = (
				17EEF032199419F600852302 /* BlocBrowserTests.m in Sources */,
			);
			runOnlyForDeploymentPostprocessing = 0;
		};
/* End PBXSourcesBuildPhase section */

/* Begin PBXTargetDependency section */
		17EEF02A199419F600852302 /* PBXTargetDependency */ = {
			isa = PBXTargetDependency;
			target = 17EEF008199419F500852302 /* BlocBrowser */;
			targetProxy = 17EEF029199419F600852302 /* PBXContainerItemProxy */;
		};
/* End PBXTargetDependency section */

/* Begin PBXVariantGroup section */
		17EEF015199419F500852302 /* InfoPlist.strings */ = {
			isa = PBXVariantGroup;
			children = (
				17EEF016199419F500852302 /* en */,
			);
			name = InfoPlist.strings;
			sourceTree = "<group>";
		};
		17EEF02E199419F600852302 /* InfoPlist.strings */ = {
			isa = PBXVariantGroup;
			children = (
				17EEF02F199419F600852302 /* en */,
			);
			name = InfoPlist.strings;
			sourceTree = "<group>";
		};
/* End PBXVariantGroup section */

/* Begin XCBuildConfiguration section */
		17EEF033199419F600852302 /* Debug */ = {
			isa = XCBuildConfiguration;
			buildSettings = {
				ALWAYS_SEARCH_USER_PATHS = NO;
				CLANG_CXX_LANGUAGE_STANDARD = "gnu++0x";
				CLANG_CXX_LIBRARY = "libc++";
				CLANG_ENABLE_MODULES = YES;
				CLANG_ENABLE_OBJC_ARC = YES;
				CLANG_WARN_BOOL_CONVERSION = YES;
				CLANG_WARN_CONSTANT_CONVERSION = YES;
				CLANG_WARN_DIRECT_OBJC_ISA_USAGE = YES_ERROR;
				CLANG_WARN_EMPTY_BODY = YES;
				CLANG_WARN_ENUM_CONVERSION = YES;
				CLANG_WARN_INT_CONVERSION = YES;
				CLANG_WARN_OBJC_ROOT_CLASS = YES_ERROR;
				CLANG_WARN__DUPLICATE_METHOD_MATCH = YES;
				"CODE_SIGN_IDENTITY[sdk=iphoneos*]" = "iPhone Developer";
				COPY_PHASE_STRIP = NO;
				GCC_C_LANGUAGE_STANDARD = gnu99;
				GCC_DYNAMIC_NO_PIC = NO;
				GCC_OPTIMIZATION_LEVEL = 0;
				GCC_PREPROCESSOR_DEFINITIONS = (
					"DEBUG=1",
					"$(inherited)",
				);
				GCC_SYMBOLS_PRIVATE_EXTERN = NO;
				GCC_WARN_64_TO_32_BIT_CONVERSION = YES;
				GCC_WARN_ABOUT_RETURN_TYPE = YES_ERROR;
				GCC_WARN_UNDECLARED_SELECTOR = YES;
				GCC_WARN_UNINITIALIZED_AUTOS = YES_AGGRESSIVE;
				GCC_WARN_UNUSED_FUNCTION = YES;
				GCC_WARN_UNUSED_VARIABLE = YES;
				IPHONEOS_DEPLOYMENT_TARGET = 7.1;
				ONLY_ACTIVE_ARCH = YES;
				SDKROOT = iphoneos;
				TARGETED_DEVICE_FAMILY = "1,2";
			};
			name = Debug;
		};
		17EEF034199419F600852302 /* Release */ = {
			isa = XCBuildConfiguration;
			buildSettings = {
				ALWAYS_SEARCH_USER_PATHS = NO;
				CLANG_CXX_LANGUAGE_STANDARD = "gnu++0x";
				CLANG_CXX_LIBRARY = "libc++";
				CLANG_ENABLE_MODULES = YES;
				CLANG_ENABLE_OBJC_ARC = YES;
				CLANG_WARN_BOOL_CONVERSION = YES;
				CLANG_WARN_CONSTANT_CONVERSION = YES;
				CLANG_WARN_DIRECT_OBJC_ISA_USAGE = YES_ERROR;
				CLANG_WARN_EMPTY_BODY = YES;
				CLANG_WARN_ENUM_CONVERSION = YES;
				CLANG_WARN_INT_CONVERSION = YES;
				CLANG_WARN_OBJC_ROOT_CLASS = YES_ERROR;
				CLANG_WARN__DUPLICATE_METHOD_MATCH = YES;
				"CODE_SIGN_IDENTITY[sdk=iphoneos*]" = "iPhone Developer";
				COPY_PHASE_STRIP = YES;
				ENABLE_NS_ASSERTIONS = NO;
				GCC_C_LANGUAGE_STANDARD = gnu99;
				GCC_WARN_64_TO_32_BIT_CONVERSION = YES;
				GCC_WARN_ABOUT_RETURN_TYPE = YES_ERROR;
				GCC_WARN_UNDECLARED_SELECTOR = YES;
				GCC_WARN_UNINITIALIZED_AUTOS = YES_AGGRESSIVE;
				GCC_WARN_UNUSED_FUNCTION = YES;
				GCC_WARN_UNUSED_VARIABLE = YES;
				IPHONEOS_DEPLOYMENT_TARGET = 7.1;
				SDKROOT = iphoneos;
				TARGETED_DEVICE_FAMILY = "1,2";
				VALIDATE_PRODUCT = YES;
			};
			name = Release;
		};
		17EEF036199419F600852302 /* Debug */ = {
			isa = XCBuildConfiguration;
			buildSettings = {
				ASSETCATALOG_COMPILER_APPICON_NAME = AppIcon;
				ASSETCATALOG_COMPILER_LAUNCHIMAGE_NAME = LaunchImage;
				GCC_PRECOMPILE_PREFIX_HEADER = YES;
				GCC_PREFIX_HEADER = "BlocBrowser/BlocBrowser-Prefix.pch";
				INFOPLIST_FILE = "BlocBrowser/BlocBrowser-Info.plist";
				PRODUCT_NAME = "$(TARGET_NAME)";
				WRAPPER_EXTENSION = app;
			};
			name = Debug;
		};
		17EEF037199419F600852302 /* Release */ = {
			isa = XCBuildConfiguration;
			buildSettings = {
				ASSETCATALOG_COMPILER_APPICON_NAME = AppIcon;
				ASSETCATALOG_COMPILER_LAUNCHIMAGE_NAME = LaunchImage;
				GCC_PRECOMPILE_PREFIX_HEADER = YES;
				GCC_PREFIX_HEADER = "BlocBrowser/BlocBrowser-Prefix.pch";
				INFOPLIST_FILE = "BlocBrowser/BlocBrowser-Info.plist";
				PRODUCT_NAME = "$(TARGET_NAME)";
				WRAPPER_EXTENSION = app;
			};
			name = Release;
		};
		17EEF039199419F600852302 /* Debug */ = {
			isa = XCBuildConfiguration;
			buildSettings = {
				BUNDLE_LOADER = "$(BUILT_PRODUCTS_DIR)/BlocBrowser.app/BlocBrowser";
				FRAMEWORK_SEARCH_PATHS = (
					"$(SDKROOT)/Developer/Library/Frameworks",
					"$(inherited)",
					"$(DEVELOPER_FRAMEWORKS_DIR)",
				);
				GCC_PRECOMPILE_PREFIX_HEADER = YES;
				GCC_PREFIX_HEADER = "BlocBrowser/BlocBrowser-Prefix.pch";
				GCC_PREPROCESSOR_DEFINITIONS = (
					"DEBUG=1",
					"$(inherited)",
				);
				INFOPLIST_FILE = "BlocBrowserTests/BlocBrowserTests-Info.plist";
				PRODUCT_NAME = "$(TARGET_NAME)";
				TEST_HOST = "$(BUNDLE_LOADER)";
				WRAPPER_EXTENSION = xctest;
			};
			name = Debug;
		};
		17EEF03A199419F600852302 /* Release */ = {
			isa = XCBuildConfiguration;
			buildSettings = {
				BUNDLE_LOADER = "$(BUILT_PRODUCTS_DIR)/BlocBrowser.app/BlocBrowser";
				FRAMEWORK_SEARCH_PATHS = (
					"$(SDKROOT)/Developer/Library/Frameworks",
					"$(inherited)",
					"$(DEVELOPER_FRAMEWORKS_DIR)",
				);
				GCC_PRECOMPILE_PREFIX_HEADER = YES;
				GCC_PREFIX_HEADER = "BlocBrowser/BlocBrowser-Prefix.pch";
				INFOPLIST_FILE = "BlocBrowserTests/BlocBrowserTests-Info.plist";
				PRODUCT_NAME = "$(TARGET_NAME)";
				TEST_HOST = "$(BUNDLE_LOADER)";
				WRAPPER_EXTENSION = xctest;
			};
			name = Release;
		};
/* End XCBuildConfiguration section */

/* Begin XCConfigurationList section */
		17EEF004199419F500852302 /* Build configuration list for PBXProject "BlocBrowser" */ = {
			isa = XCConfigurationList;
			buildConfigurations = (
				17EEF033199419F600852302 /* Debug */,
				17EEF034199419F600852302 /* Release */,
			);
			defaultConfigurationIsVisible = 0;
			defaultConfigurationName = Release;
		};
		17EEF035199419F600852302 /* Build configuration list for PBXNativeTarget "BlocBrowser" */ = {
			isa = XCConfigurationList;
			buildConfigurations = (
				17EEF036199419F600852302 /* Debug */,
				17EEF037199419F600852302 /* Release */,
			);
			defaultConfigurationIsVisible = 0;
			defaultConfigurationName = Release;
		};
		17EEF038199419F600852302 /* Build configuration list for PBXNativeTarget "BlocBrowserTests" */ = {
			isa = XCConfigurationList;
			buildConfigurations = (
				17EEF039199419F600852302 /* Debug */,
				17EEF03A199419F600852302 /* Release */,
			);
			defaultConfigurationIsVisible = 0;
			defaultConfigurationName = Release;
		};
/* End XCConfigurationList section */
	};
	rootObject = 17EEF001199419F500852302 /* Project object */;
}
